// !$*UTF8*$!
{
	archiveVersion = 1;
	classes = {
	};
	objectVersion = 46;
	objects = {

/* Begin PBXBuildFile section */
		A419A9B61795816C00B3DF53 /* AJFirstViewController.m in Sources */ = {isa = PBXBuildFile; fileRef = A419A9B51795816C00B3DF53 /* AJFirstViewController.m */; };
		A419A9BC1795848C00B3DF53 /* AJNextLevelVC.m in Sources */ = {isa = PBXBuildFile; fileRef = A419A9BB1795848C00B3DF53 /* AJNextLevelVC.m */; };
		A419A9C0179584EF00B3DF53 /* AJSecondViewController.m in Sources */ = {isa = PBXBuildFile; fileRef = A419A9BF179584EF00B3DF53 /* AJSecondViewController.m */; };
		A419A9C21795855B00B3DF53 /* QuartzCore.framework in Frameworks */ = {isa = PBXBuildFile; fileRef = A419A9C11795855B00B3DF53 /* QuartzCore.framework */; };
		A419A9C81795860A00B3DF53 /* AJExpandAndScrollFullVC.m in Sources */ = {isa = PBXBuildFile; fileRef = A419A9C51795860A00B3DF53 /* AJExpandAndScrollFullVC.m */; };
		A419A9C91795860A00B3DF53 /* UIView+Additions.m in Sources */ = {isa = PBXBuildFile; fileRef = A419A9C71795860A00B3DF53 /* UIView+Additions.m */; };
		A419A9CF1795861A00B3DF53 /* tab_home@2x.png in Resources */ = {isa = PBXBuildFile; fileRef = A419A9CC1795861A00B3DF53 /* tab_home@2x.png */; };
		A419A9D01795861A00B3DF53 /* tab_home_pressed@2x.png in Resources */ = {isa = PBXBuildFile; fileRef = A419A9CD1795861A00B3DF53 /* tab_home_pressed@2x.png */; };
		A419A9D11795861A00B3DF53 /* tab_slider@2x.png in Resources */ = {isa = PBXBuildFile; fileRef = A419A9CE1795861A00B3DF53 /* tab_slider@2x.png */; };
		A45C7718179529580017E8D1 /* UIKit.framework in Frameworks */ = {isa = PBXBuildFile; fileRef = A45C7717179529580017E8D1 /* UIKit.framework */; };
		A45C771A179529580017E8D1 /* Foundation.framework in Frameworks */ = {isa = PBXBuildFile; fileRef = A45C7719179529580017E8D1 /* Foundation.framework */; };
		A45C771C179529580017E8D1 /* CoreGraphics.framework in Frameworks */ = {isa = PBXBuildFile; fileRef = A45C771B179529580017E8D1 /* CoreGraphics.framework */; };
		A45C7722179529580017E8D1 /* InfoPlist.strings in Resources */ = {isa = PBXBuildFile; fileRef = A45C7720179529580017E8D1 /* InfoPlist.strings */; };
		A45C7724179529580017E8D1 /* main.m in Sources */ = {isa = PBXBuildFile; fileRef = A45C7723179529580017E8D1 /* main.m */; };
		A45C7728179529580017E8D1 /* AJAppDelegate.m in Sources */ = {isa = PBXBuildFile; fileRef = A45C7727179529580017E8D1 /* AJAppDelegate.m */; };
		A45C772A179529580017E8D1 /* Default.png in Resources */ = {isa = PBXBuildFile; fileRef = A45C7729179529580017E8D1 /* Default.png */; };
		A45C772C179529580017E8D1 /* Default@2x.png in Resources */ = {isa = PBXBuildFile; fileRef = A45C772B179529580017E8D1 /* Default@2x.png */; };
		A45C772E179529580017E8D1 /* Default-568h@2x.png in Resources */ = {isa = PBXBuildFile; fileRef = A45C772D179529580017E8D1 /* Default-568h@2x.png */; };
		A45C7731179529580017E8D1 /* AJViewController.m in Sources */ = {isa = PBXBuildFile; fileRef = A45C7730179529580017E8D1 /* AJViewController.m */; };
/* End PBXBuildFile section */

/* Begin PBXFileReference section */
		A419A9B41795816C00B3DF53 /* AJFirstViewController.h */ = {isa = PBXFileReference; fileEncoding = 4; lastKnownFileType = sourcecode.c.h; path = AJFirstViewController.h; sourceTree = "<group>"; };
		A419A9B51795816C00B3DF53 /* AJFirstViewController.m */ = {isa = PBXFileReference; fileEncoding = 4; lastKnownFileType = sourcecode.c.objc; path = AJFirstViewController.m; sourceTree = "<group>"; };
		A419A9BA1795848C00B3DF53 /* AJNextLevelVC.h */ = {isa = PBXFileReference; fileEncoding = 4; lastKnownFileType = sourcecode.c.h; path = AJNextLevelVC.h; sourceTree = "<group>"; };
		A419A9BB1795848C00B3DF53 /* AJNextLevelVC.m */ = {isa = PBXFileReference; fileEncoding = 4; lastKnownFileType = sourcecode.c.objc; path = AJNextLevelVC.m; sourceTree = "<group>"; };
		A419A9BE179584EF00B3DF53 /* AJSecondViewController.h */ = {isa = PBXFileReference; fileEncoding = 4; lastKnownFileType = sourcecode.c.h; path = AJSecondViewController.h; sourceTree = "<group>"; };
		A419A9BF179584EF00B3DF53 /* AJSecondViewController.m */ = {isa = PBXFileReference; fileEncoding = 4; lastKnownFileType = sourcecode.c.objc; path = AJSecondViewController.m; sourceTree = "<group>"; };
		A419A9C11795855B00B3DF53 /* QuartzCore.framework */ = {isa = PBXFileReference; lastKnownFileType = wrapper.framework; name = QuartzCore.framework; path = System/Library/Frameworks/QuartzCore.framework; sourceTree = SDKROOT; };
		A419A9C41795860A00B3DF53 /* AJExpandAndScrollFullVC.h */ = {isa = PBXFileReference; fileEncoding = 4; lastKnownFileType = sourcecode.c.h; path = AJExpandAndScrollFullVC.h; sourceTree = "<group>"; };
		A419A9C51795860A00B3DF53 /* AJExpandAndScrollFullVC.m */ = {isa = PBXFileReference; fileEncoding = 4; lastKnownFileType = sourcecode.c.objc; path = AJExpandAndScrollFullVC.m; sourceTree = "<group>"; };
		A419A9C61795860A00B3DF53 /* UIView+Additions.h */ = {isa = PBXFileReference; fileEncoding = 4; lastKnownFileType = sourcecode.c.h; path = "UIView+Additions.h"; sourceTree = "<group>"; };
		A419A9C71795860A00B3DF53 /* UIView+Additions.m */ = {isa = PBXFileReference; fileEncoding = 4; lastKnownFileType = sourcecode.c.objc; path = "UIView+Additions.m"; sourceTree = "<group>"; };
		A419A9CC1795861A00B3DF53 /* tab_home@2x.png */ = {isa = PBXFileReference; lastKnownFileType = image.png; path = "tab_home@2x.png"; sourceTree = "<group>"; };
		A419A9CD1795861A00B3DF53 /* tab_home_pressed@2x.png */ = {isa = PBXFileReference; lastKnownFileType = image.png; path = "tab_home_pressed@2x.png"; sourceTree = "<group>"; };
		A419A9CE1795861A00B3DF53 /* tab_slider@2x.png */ = {isa = PBXFileReference; lastKnownFileType = image.png; path = "tab_slider@2x.png"; sourceTree = "<group>"; };
		A45C7714179529580017E8D1 /* ExpandAndScrollFullVC.app */ = {isa = PBXFileReference; explicitFileType = wrapper.application; includeInIndex = 0; path = ExpandAndScrollFullVC.app; sourceTree = BUILT_PRODUCTS_DIR; };
		A45C7717179529580017E8D1 /* UIKit.framework */ = {isa = PBXFileReference; lastKnownFileType = wrapper.framework; name = UIKit.framework; path = System/Library/Frameworks/UIKit.framework; sourceTree = SDKROOT; };
		A45C7719179529580017E8D1 /* Foundation.framework */ = {isa = PBXFileReference; lastKnownFileType = wrapper.framework; name = Foundation.framework; path = System/Library/Frameworks/Foundation.framework; sourceTree = SDKROOT; };
		A45C771B179529580017E8D1 /* CoreGraphics.framework */ = {isa = PBXFileReference; lastKnownFileType = wrapper.framework; name = CoreGraphics.framework; path = System/Library/Frameworks/CoreGraphics.framework; sourceTree = SDKROOT; };
		A45C771F179529580017E8D1 /* ExpandAndScrollFullVC-Info.plist */ = {isa = PBXFileReference; lastKnownFileType = text.plist.xml; path = "ExpandAndScrollFullVC-Info.plist"; sourceTree = "<group>"; };
		A45C7721179529580017E8D1 /* en */ = {isa = PBXFileReference; lastKnownFileType = text.plist.strings; name = en; path = en.lproj/InfoPlist.strings; sourceTree = "<group>"; };
		A45C7723179529580017E8D1 /* main.m */ = {isa = PBXFileReference; lastKnownFileType = sourcecode.c.objc; path = main.m; sourceTree = "<group>"; };
		A45C7725179529580017E8D1 /* ExpandAndScrollFullVC-Prefix.pch */ = {isa = PBXFileReference; lastKnownFileType = sourcecode.c.h; path = "ExpandAndScrollFullVC-Prefix.pch"; sourceTree = "<group>"; };
		A45C7726179529580017E8D1 /* AJAppDelegate.h */ = {isa = PBXFileReference; lastKnownFileType = sourcecode.c.h; path = AJAppDelegate.h; sourceTree = "<group>"; };
		A45C7727179529580017E8D1 /* AJAppDelegate.m */ = {isa = PBXFileReference; lastKnownFileType = sourcecode.c.objc; path = AJAppDelegate.m; sourceTree = "<group>"; };
		A45C7729179529580017E8D1 /* Default.png */ = {isa = PBXFileReference; lastKnownFileType = image.png; path = Default.png; sourceTree = "<group>"; };
		A45C772B179529580017E8D1 /* Default@2x.png */ = {isa = PBXFileReference; lastKnownFileType = image.png; path = "Default@2x.png"; sourceTree = "<group>"; };
		A45C772D179529580017E8D1 /* Default-568h@2x.png */ = {isa = PBXFileReference; lastKnownFileType = image.png; path = "Default-568h@2x.png"; sourceTree = "<group>"; };
		A45C772F179529580017E8D1 /* AJViewController.h */ = {isa = PBXFileReference; lastKnownFileType = sourcecode.c.h; path = AJViewController.h; sourceTree = "<group>"; };
		A45C7730179529580017E8D1 /* AJViewController.m */ = {isa = PBXFileReference; lastKnownFileType = sourcecode.c.objc; path = AJViewController.m; sourceTree = "<group>"; };
/* End PBXFileReference section */

/* Begin PBXFrameworksBuildPhase section */
		A45C7711179529580017E8D1 /* Frameworks */ = {
			isa = PBXFrameworksBuildPhase;
			buildActionMask = 2147483647;
			files = (
				A419A9C21795855B00B3DF53 /* QuartzCore.framework in Frameworks */,
				A45C7718179529580017E8D1 /* UIKit.framework in Frameworks */,
				A45C771A179529580017E8D1 /* Foundation.framework in Frameworks */,
				A45C771C179529580017E8D1 /* CoreGraphics.framework in Frameworks */,
			);
			runOnlyForDeploymentPostprocessing = 0;
		};
/* End PBXFrameworksBuildPhase section */

/* Begin PBXGroup section */
		A419A9C31795860900B3DF53 /* FunctionClass */ = {
			isa = PBXGroup;
			children = (
				A419A9C41795860A00B3DF53 /* AJExpandAndScrollFullVC.h */,
				A419A9C51795860A00B3DF53 /* AJExpandAndScrollFullVC.m */,
				A419A9C61795860A00B3DF53 /* UIView+Additions.h */,
				A419A9C71795860A00B3DF53 /* UIView+Additions.m */,
			);
			path = FunctionClass;
			sourceTree = "<group>";
		};
		A419A9CA1795861A00B3DF53 /* Resources */ = {
			isa = PBXGroup;
			children = (
				A419A9CB1795861A00B3DF53 /* Tabbar */,
			);
			path = Resources;
			sourceTree = "<group>";
		};
		A419A9CB1795861A00B3DF53 /* Tabbar */ = {
			isa = PBXGroup;
			children = (
				A419A9CC1795861A00B3DF53 /* tab_home@2x.png */,
				A419A9CD1795861A00B3DF53 /* tab_home_pressed@2x.png */,
				A419A9CE1795861A00B3DF53 /* tab_slider@2x.png */,
			);
			path = Tabbar;
			sourceTree = "<group>";
		};
		A45C770B179529580017E8D1 = {
			isa = PBXGroup;
			children = (
				A45C771D179529580017E8D1 /* ExpandAndScrollFullVC */,
				A45C7716179529580017E8D1 /* Frameworks */,
				A45C7715179529580017E8D1 /* Products */,
			);
			sourceTree = "<group>";
		};
		A45C7715179529580017E8D1 /* Products */ = {
			isa = PBXGroup;
			children = (
				A45C7714179529580017E8D1 /* ExpandAndScrollFullVC.app */,
			);
			name = Products;
			sourceTree = "<group>";
		};
		A45C7716179529580017E8D1 /* Frameworks */ = {
			isa = PBXGroup;
			children = (
				A419A9C11795855B00B3DF53 /* QuartzCore.framework */,
				A45C7717179529580017E8D1 /* UIKit.framework */,
				A45C7719179529580017E8D1 /* Foundation.framework */,
				A45C771B179529580017E8D1 /* CoreGraphics.framework */,
			);
			name = Frameworks;
			sourceTree = "<group>";
		};
		A45C771D179529580017E8D1 /* ExpandAndScrollFullVC */ = {
			isa = PBXGroup;
			children = (
				A419A9C31795860900B3DF53 /* FunctionClass */,
				A45C7726179529580017E8D1 /* AJAppDelegate.h */,
				A45C7727179529580017E8D1 /* AJAppDelegate.m */,
				A45C772F179529580017E8D1 /* AJViewController.h */,
				A45C7730179529580017E8D1 /* AJViewController.m */,
				A419A9B41795816C00B3DF53 /* AJFirstViewController.h */,
				A419A9B51795816C00B3DF53 /* AJFirstViewController.m */,
				A419A9BE179584EF00B3DF53 /* AJSecondViewController.h */,
				A419A9BF179584EF00B3DF53 /* AJSecondViewController.m */,
				A419A9BA1795848C00B3DF53 /* AJNextLevelVC.h */,
				A419A9BB1795848C00B3DF53 /* AJNextLevelVC.m */,
				A45C771E179529580017E8D1 /* Supporting Files */,
			);
			path = ExpandAndScrollFullVC;
			sourceTree = "<group>";
		};
		A45C771E179529580017E8D1 /* Supporting Files */ = {
			isa = PBXGroup;
			children = (
				A419A9CA1795861A00B3DF53 /* Resources */,
				A45C771F179529580017E8D1 /* ExpandAndScrollFullVC-Info.plist */,
				A45C7720179529580017E8D1 /* InfoPlist.strings */,
				A45C7723179529580017E8D1 /* main.m */,
				A45C7725179529580017E8D1 /* ExpandAndScrollFullVC-Prefix.pch */,
				A45C7729179529580017E8D1 /* Default.png */,
				A45C772B179529580017E8D1 /* Default@2x.png */,
				A45C772D179529580017E8D1 /* Default-568h@2x.png */,
			);
			name = "Supporting Files";
			sourceTree = "<group>";
		};
/* End PBXGroup section */

/* Begin PBXNativeTarget section */
		A45C7713179529580017E8D1 /* ExpandAndScrollFullVC */ = {
			isa = PBXNativeTarget;
			buildConfigurationList = A45C7737179529580017E8D1 /* Build configuration list for PBXNativeTarget "ExpandAndScrollFullVC" */;
			buildPhases = (
				A45C7710179529580017E8D1 /* Sources */,
				A45C7711179529580017E8D1 /* Frameworks */,
				A45C7712179529580017E8D1 /* Resources */,
			);
			buildRules = (
			);
			dependencies = (
			);
			name = ExpandAndScrollFullVC;
			productName = ExpandAndScrollFullVC;
			productReference = A45C7714179529580017E8D1 /* ExpandAndScrollFullVC.app */;
			productType = "com.apple.product-type.application";
		};
/* End PBXNativeTarget section */

/* Begin PBXProject section */
		A45C770C179529580017E8D1 /* Project object */ = {
			isa = PBXProject;
			attributes = {
				CLASSPREFIX = AJ;
				LastUpgradeCheck = 0460;
				ORGANIZATIONNAME = Dark;
			};
			buildConfigurationList = A45C770F179529580017E8D1 /* Build configuration list for PBXProject "ExpandAndScrollFullVC" */;
			compatibilityVersion = "Xcode 3.2";
			developmentRegion = English;
			hasScannedForEncodings = 0;
			knownRegions = (
				en,
			);
			mainGroup = A45C770B179529580017E8D1;
			productRefGroup = A45C7715179529580017E8D1 /* Products */;
			projectDirPath = "";
			projectRoot = "";
			targets = (
				A45C7713179529580017E8D1 /* ExpandAndScrollFullVC */,
			);
		};
/* End PBXProject section */

/* Begin PBXResourcesBuildPhase section */
		A45C7712179529580017E8D1 /* Resources */ = {
			isa = PBXResourcesBuildPhase;
			buildActionMask = 2147483647;
			files = (
				A45C7722179529580017E8D1 /* InfoPlist.strings in Resources */,
				A45C772A179529580017E8D1 /* Default.png in Resources */,
				A45C772C179529580017E8D1 /* Default@2x.png in Resources */,
				A45C772E179529580017E8D1 /* Default-568h@2x.png in Resources */,
				A419A9CF1795861A00B3DF53 /* tab_home@2x.png in Resources */,
				A419A9D01795861A00B3DF53 /* tab_home_pressed@2x.png in Resources */,
				A419A9D11795861A00B3DF53 /* tab_slider@2x.png in Resources */,
			);
			runOnlyForDeploymentPostprocessing = 0;
		};
/* End PBXResourcesBuildPhase section */

/* Begin PBXSourcesBuildPhase section */
		A45C7710179529580017E8D1 /* Sources */ = {
			isa = PBXSourcesBuildPhase;
			buildActionMask = 2147483647;
			files = (
				A45C7724179529580017E8D1 /* main.m in Sources */,
				A45C7728179529580017E8D1 /* AJAppDelegate.m in Sources */,
				A45C7731179529580017E8D1 /* AJViewController.m in Sources */,
				A419A9B61795816C00B3DF53 /* AJFirstViewController.m in Sources */,
				A419A9BC1795848C00B3DF53 /* AJNextLevelVC.m in Sources */,
				A419A9C0179584EF00B3DF53 /* AJSecondViewController.m in Sources */,
				A419A9C81795860A00B3DF53 /* AJExpandAndScrollFullVC.m in Sources */,
				A419A9C91795860A00B3DF53 /* UIView+Additions.m in Sources */,
			);
			runOnlyForDeploymentPostprocessing = 0;
		};
/* End PBXSourcesBuildPhase section */

/* Begin PBXVariantGroup section */
		A45C7720179529580017E8D1 /* InfoPlist.strings */ = {
			isa = PBXVariantGroup;
			children = (
				A45C7721179529580017E8D1 /* en */,
			);
			name = InfoPlist.strings;
			sourceTree = "<group>";
		};
/* End PBXVariantGroup section */

/* Begin XCBuildConfiguration section */
		A45C7735179529580017E8D1 /* Debug */ = {
			isa = XCBuildConfiguration;
			buildSettings = {
				ALWAYS_SEARCH_USER_PATHS = NO;
				CLANG_CXX_LANGUAGE_STANDARD = "gnu++0x";
				CLANG_CXX_LIBRARY = "libc++";
				CLANG_ENABLE_OBJC_ARC = YES;
				CLANG_WARN_CONSTANT_CONVERSION = YES;
				CLANG_WARN_EMPTY_BODY = YES;
				CLANG_WARN_ENUM_CONVERSION = YES;
				CLANG_WARN_INT_CONVERSION = YES;
				CLANG_WARN__DUPLICATE_METHOD_MATCH = YES;
				"CODE_SIGN_IDENTITY[sdk=iphoneos*]" = "iPhone Developer";
				COPY_PHASE_STRIP = NO;
				GCC_C_LANGUAGE_STANDARD = gnu99;
				GCC_DYNAMIC_NO_PIC = NO;
				GCC_OPTIMIZATION_LEVEL = 0;
				GCC_PREPROCESSOR_DEFINITIONS = (
					"DEBUG=1",
					"$(inherited)",
				);
				GCC_SYMBOLS_PRIVATE_EXTERN = NO;
				GCC_WARN_ABOUT_RETURN_TYPE = YES;
				GCC_WARN_UNINITIALIZED_AUTOS = YES;
				GCC_WARN_UNUSED_VARIABLE = YES;
				IPHONEOS_DEPLOYMENT_TARGET = 6.1;
				ONLY_ACTIVE_ARCH = YES;
				SDKROOT = iphoneos;
			};
			name = Debug;
		};
		A45C7736179529580017E8D1 /* Release */ = {
			isa = XCBuildConfiguration;
			buildSettings = {
				ALWAYS_SEARCH_USER_PATHS = NO;
				CLANG_CXX_LANGUAGE_STANDARD = "gnu++0x";
				CLANG_CXX_LIBRARY = "libc++";
				CLANG_ENABLE_OBJC_ARC = YES;
				CLANG_WARN_CONSTANT_CONVERSION = YES;
				CLANG_WARN_EMPTY_BODY = YES;
				CLANG_WARN_ENUM_CONVERSION = YES;
				CLANG_WARN_INT_CONVERSION = YES;
				CLANG_WARN__DUPLICATE_METHOD_MATCH = YES;
				"CODE_SIGN_IDENTITY[sdk=iphoneos*]" = "iPhone Developer";
				COPY_PHASE_STRIP = YES;
				GCC_C_LANGUAGE_STANDARD = gnu99;
				GCC_WARN_ABOUT_RETURN_TYPE = YES;
				GCC_WARN_UNINITIALIZED_AUTOS = YES;
				GCC_WARN_UNUSED_VARIABLE = YES;
				IPHONEOS_DEPLOYMENT_TARGET = 6.1;
				OTHER_CFLAGS = "-DNS_BLOCK_ASSERTIONS=1";
				SDKROOT = iphoneos;
				VALIDATE_PRODUCT = YES;
			};
			name = Release;
		};
		A45C7738179529580017E8D1 /* Debug */ = {
			isa = XCBuildConfiguration;
			buildSettings = {
				GCC_PRECOMPILE_PREFIX_HEADER = YES;
				GCC_PREFIX_HEADER = "ExpandAndScrollFullVC/ExpandAndScrollFullVC-Prefix.pch";
				INFOPLIST_FILE = "ExpandAndScrollFullVC/ExpandAndScrollFullVC-Info.plist";
				PRODUCT_NAME = "$(TARGET_NAME)";
				WRAPPER_EXTENSION = app;
			};
			name = Debug;
		};
		A45C7739179529580017E8D1 /* Release */ = {
			isa = XCBuildConfiguration;
			buildSettings = {
				GCC_PRECOMPILE_PREFIX_HEADER = YES;
				GCC_PREFIX_HEADER = "ExpandAndScrollFullVC/ExpandAndScrollFullVC-Prefix.pch";
				INFOPLIST_FILE = "ExpandAndScrollFullVC/ExpandAndScrollFullVC-Info.plist";
				PRODUCT_NAME = "$(TARGET_NAME)";
				WRAPPER_EXTENSION = app;
			};
			name = Release;
		};
/* End XCBuildConfiguration section */

/* Begin XCConfigurationList section */
		A45C770F179529580017E8D1 /* Build configuration list for PBXProject "ExpandAndScrollFullVC" */ = {
			isa = XCConfigurationList;
			buildConfigurations = (
				A45C7735179529580017E8D1 /* Debug */,
				A45C7736179529580017E8D1 /* Release */,
			);
			defaultConfigurationIsVisible = 0;
			defaultConfigurationName = Release;
		};
		A45C7737179529580017E8D1 /* Build configuration list for PBXNativeTarget "ExpandAndScrollFullVC" */ = {
			isa = XCConfigurationList;
			buildConfigurations = (
				A45C7738179529580017E8D1 /* Debug */,
				A45C7739179529580017E8D1 /* Release */,
			);
			defaultConfigurationIsVisible = 0;
			defaultConfigurationName = Release;
		};
/* End XCConfigurationList section */
	};
	rootObject = A45C770C179529580017E8D1 /* Project object */;
}
